
Microsoft Visual Studio Solution File, Format Version 12.00
# Visual Studio Version 16
VisualStudioVersion = 16.0.31515.178
MinimumVisualStudioVersion = 10.0.40219.1
Project("{FAE04EC0-301F-11D3-BF4B-00C04F79EFBC}") = "CarRentingSystem", "CarRentingSystem\CarRentingSystem.csproj", "{36242758-4094-4681-A3D1-D67653B4307A}"
EndProject
Global
	GlobalSection(SolutionConfigurationPlatforms) = preSolution
		Debug|Any CPU = Debug|Any CPU
		Release|Any CPU = Release|Any CPU
	EndGlobalSection
	GlobalSection(ProjectConfigurationPlatforms) = postSolution
		{36242758-4094-4681-A3D1-D67653B4307A}.Debug|Any CPU.ActiveCfg = Debug|Any CPU
		{36242758-4094-4681-A3D1-D67653B4307A}.Debug|Any CPU.Build.0 = Debug|Any CPU
		{36242758-4094-4681-A3D1-D67653B4307A}.Release|Any CPU.ActiveCfg = Release|Any CPU
		{36242758-4094-4681-A3D1-D67653B4307A}.Release|Any CPU.Build.0 = Release|Any CPU
	EndGlobalSection
	GlobalSection(SolutionProperties) = preSolution
		HideSolutionNode = FALSE
	EndGlobalSection
	GlobalSection(ExtensibilityGlobals) = postSolution
		SolutionGuid = {94D34F5D-6FDA-466D-BE2D-521ADED7BD47}
	EndGlobalSection
EndGlobal
